
Microsoft Visual Studio Solution File, Format Version 12.00
# Visual Studio Version 16
VisualStudioVersion = 16.0.30804.86
MinimumVisualStudioVersion = 15.0.26124.0
Project("{9A19103F-16F7-4668-BE54-9A1E7A4F7556}") = "AE.Services", "AE.Services\AE.Services.csproj", "{BDA5060E-A758-4551-8B59-CF37F4DC4A73}"
EndProject
Project("{9A19103F-16F7-4668-BE54-9A1E7A4F7556}") = "AE.Tests", "AE.Tests\AE.Tests.csproj", "{0377314B-638B-4001-B48F-A0EB9ED8FB0E}"
EndProject
Project("{9A19103F-16F7-4668-BE54-9A1E7A4F7556}") = "AE.WebApi", "AE.WebApi\AE.WebApi.csproj", "{B0F9F218-08C7-4149-BA91-768FE7C0C8B1}"
EndProject
Project("{2150E333-8FDC-42A3-9474-1A3956D46DE8}") = "Docker", "Docker", "{E131D4F1-EB3C-4B2B-BEFD-B78069013275}"
	ProjectSection(SolutionItems) = preProject
		Dockerfile = Dockerfile
	EndProjectSection
EndProject
Global
	GlobalSection(SolutionConfigurationPlatforms) = preSolution
		Debug|Any CPU = Debug|Any CPU
		Debug|x64 = Debug|x64
		Debug|x86 = Debug|x86
		Release|Any CPU = Release|Any CPU
		Release|x64 = Release|x64
		Release|x86 = Release|x86
	EndGlobalSection
	GlobalSection(ProjectConfigurationPlatforms) = postSolution
		{BDA5060E-A758-4551-8B59-CF37F4DC4A73}.Debug|Any CPU.ActiveCfg = Debug|Any CPU
		{BDA5060E-A758-4551-8B59-CF37F4DC4A73}.Debug|Any CPU.Build.0 = Debug|Any CPU
		{BDA5060E-A758-4551-8B59-CF37F4DC4A73}.Debug|x64.ActiveCfg = Debug|Any CPU
		{BDA5060E-A758-4551-8B59-CF37F4DC4A73}.Debug|x64.Build.0 = Debug|Any CPU
		{BDA5060E-A758-4551-8B59-CF37F4DC4A73}.Debug|x86.ActiveCfg = Debug|Any CPU
		{BDA5060E-A758-4551-8B59-CF37F4DC4A73}.Debug|x86.Build.0 = Debug|Any CPU
		{BDA5060E-A758-4551-8B59-CF37F4DC4A73}.Release|Any CPU.ActiveCfg = Release|Any CPU
		{BDA5060E-A758-4551-8B59-CF37F4DC4A73}.Release|Any CPU.Build.0 = Release|Any CPU
		{BDA5060E-A758-4551-8B59-CF37F4DC4A73}.Release|x64.ActiveCfg = Release|Any CPU
		{BDA5060E-A758-4551-8B59-CF37F4DC4A73}.Release|x64.Build.0 = Release|Any CPU
		{BDA5060E-A758-4551-8B59-CF37F4DC4A73}.Release|x86.ActiveCfg = Release|Any CPU
		{BDA5060E-A758-4551-8B59-CF37F4DC4A73}.Release|x86.Build.0 = Release|Any CPU
		{0377314B-638B-4001-B48F-A0EB9ED8FB0E}.Debug|Any CPU.ActiveCfg = Debug|Any CPU
		{0377314B-638B-4001-B48F-A0EB9ED8FB0E}.Debug|Any CPU.Build.0 = Debug|Any CPU
		{0377314B-638B-4001-B48F-A0EB9ED8FB0E}.Debug|x64.ActiveCfg = Debug|Any CPU
		{0377314B-638B-4001-B48F-A0EB9ED8FB0E}.Debug|x64.Build.0 = Debug|Any CPU
		{0377314B-638B-4001-B48F-A0EB9ED8FB0E}.Debug|x86.ActiveCfg = Debug|Any CPU
		{0377314B-638B-4001-B48F-A0EB9ED8FB0E}.Debug|x86.Build.0 = Debug|Any CPU
		{0377314B-638B-4001-B48F-A0EB9ED8FB0E}.Release|Any CPU.ActiveCfg = Release|Any CPU
		{0377314B-638B-4001-B48F-A0EB9ED8FB0E}.Release|Any CPU.Build.0 = Release|Any CPU
		{0377314B-638B-4001-B48F-A0EB9ED8FB0E}.Release|x64.ActiveCfg = Release|Any CPU
		{0377314B-638B-4001-B48F-A0EB9ED8FB0E}.Release|x64.Build.0 = Release|Any CPU
		{0377314B-638B-4001-B48F-A0EB9ED8FB0E}.Release|x86.ActiveCfg = Release|Any CPU
		{0377314B-638B-4001-B48F-A0EB9ED8FB0E}.Release|x86.Build.0 = Release|Any CPU
		{B0F9F218-08C7-4149-BA91-768FE7C0C8B1}.Debug|Any CPU.ActiveCfg = Debug|Any CPU
		{B0F9F218-08C7-4149-BA91-768FE7C0C8B1}.Debug|Any CPU.Build.0 = Debug|Any CPU
		{B0F9F218-08C7-4149-BA91-768FE7C0C8B1}.Debug|x64.ActiveCfg = Debug|Any CPU
		{B0F9F218-08C7-4149-BA91-768FE7C0C8B1}.Debug|x64.Build.0 = Debug|Any CPU
		{B0F9F218-08C7-4149-BA91-768FE7C0C8B1}.Debug|x86.ActiveCfg = Debug|Any CPU
		{B0F9F218-08C7-4149-BA91-768FE7C0C8B1}.Debug|x86.Build.0 = Debug|Any CPU
		{B0F9F218-08C7-4149-BA91-768FE7C0C8B1}.Release|Any CPU.ActiveCfg = Release|Any CPU
		{B0F9F218-08C7-4149-BA91-768FE7C0C8B1}.Release|Any CPU.Build.0 = Release|Any CPU
		{B0F9F218-08C7-4149-BA91-768FE7C0C8B1}.Release|x64.ActiveCfg = Release|Any CPU
		{B0F9F218-08C7-4149-BA91-768FE7C0C8B1}.Release|x64.Build.0 = Release|Any CPU
		{B0F9F218-08C7-4149-BA91-768FE7C0C8B1}.Release|x86.ActiveCfg = Release|Any CPU
		{B0F9F218-08C7-4149-BA91-768FE7C0C8B1}.Release|x86.Build.0 = Release|Any CPU
	EndGlobalSection
	GlobalSection(SolutionProperties) = preSolution
		HideSolutionNode = FALSE
	EndGlobalSection
	GlobalSection(ExtensibilityGlobals) = postSolution
		SolutionGuid = {E9DC9C25-6515-4D1C-B0EE-D9255D5ED7FF}
	EndGlobalSection
EndGlobal
